// !$*UTF8*$!
{
	archiveVersion = 1;
	classes = {
	};
	objectVersion = 50;
	objects = {

/* Begin PBXBuildFile section */
		59D33870262393AB0060A2A2 /* AppDelegate.swift in Sources */ = {isa = PBXBuildFile; fileRef = 59D3386F262393AB0060A2A2 /* AppDelegate.swift */; };
		59D33879262393AD0060A2A2 /* Assets.xcassets in Resources */ = {isa = PBXBuildFile; fileRef = 59D33878262393AD0060A2A2 /* Assets.xcassets */; };
		59D3387C262393AD0060A2A2 /* LaunchScreen.storyboard in Resources */ = {isa = PBXBuildFile; fileRef = 59D3387A262393AD0060A2A2 /* LaunchScreen.storyboard */; };
		59D33887262393AD0060A2A2 /* Medly_Test_ProjectTests.swift in Sources */ = {isa = PBXBuildFile; fileRef = 59D33886262393AD0060A2A2 /* Medly_Test_ProjectTests.swift */; };
		59D33892262393AD0060A2A2 /* Medly_Test_ProjectUITests.swift in Sources */ = {isa = PBXBuildFile; fileRef = 59D33891262393AD0060A2A2 /* Medly_Test_ProjectUITests.swift */; };
		59D338AE262397970060A2A2 /* Constants.swift in Sources */ = {isa = PBXBuildFile; fileRef = 59D338AD262397970060A2A2 /* Constants.swift */; };
		59D338B72623986B0060A2A2 /* Country.swift in Sources */ = {isa = PBXBuildFile; fileRef = 59D338B62623986B0060A2A2 /* Country.swift */; };
		59D338CA26239D400060A2A2 /* RestEndpoint.swift in Sources */ = {isa = PBXBuildFile; fileRef = 59D338C926239D400060A2A2 /* RestEndpoint.swift */; };
		59D338D326239F330060A2A2 /* CountriesEndpoint.swift in Sources */ = {isa = PBXBuildFile; fileRef = 59D338D226239F330060A2A2 /* CountriesEndpoint.swift */; };
		59D338D826239F700060A2A2 /* HTTPProviding.swift in Sources */ = {isa = PBXBuildFile; fileRef = 59D338D726239F700060A2A2 /* HTTPProviding.swift */; };
		59D338DD26239F830060A2A2 /* HTTPProvider.swift in Sources */ = {isa = PBXBuildFile; fileRef = 59D338DC26239F830060A2A2 /* HTTPProvider.swift */; };
		59D338E226239FE70060A2A2 /* ModelProviding.swift in Sources */ = {isa = PBXBuildFile; fileRef = 59D338E126239FE70060A2A2 /* ModelProviding.swift */; };
		59D338E726239FFC0060A2A2 /* ModelProvider.swift in Sources */ = {isa = PBXBuildFile; fileRef = 59D338E626239FFC0060A2A2 /* ModelProvider.swift */; };
		59D338EC2623A0190060A2A2 /* URLRequestProviding.swift in Sources */ = {isa = PBXBuildFile; fileRef = 59D338EB2623A0190060A2A2 /* URLRequestProviding.swift */; };
		59D338F12623A0480060A2A2 /* URLRequestProvider.swift in Sources */ = {isa = PBXBuildFile; fileRef = 59D338F02623A0480060A2A2 /* URLRequestProvider.swift */; };
		59D338F62623A0EE0060A2A2 /* NetworkRequesting.swift in Sources */ = {isa = PBXBuildFile; fileRef = 59D338F52623A0EE0060A2A2 /* NetworkRequesting.swift */; };
		59D338FB2623A0FF0060A2A2 /* NetworkRequester.swift in Sources */ = {isa = PBXBuildFile; fileRef = 59D338FA2623A0FF0060A2A2 /* NetworkRequester.swift */; };
/* End PBXBuildFile section */

/* Begin PBXContainerItemProxy section */
		59D33883262393AD0060A2A2 /* PBXContainerItemProxy */ = {
			isa = PBXContainerItemProxy;
			containerPortal = 59D33864262393AB0060A2A2 /* Project object */;
			proxyType = 1;
			remoteGlobalIDString = 59D3386B262393AB0060A2A2;
			remoteInfo = Medly_Test_Project;
		};
		59D3388E262393AD0060A2A2 /* PBXContainerItemProxy */ = {
			isa = PBXContainerItemProxy;
			containerPortal = 59D33864262393AB0060A2A2 /* Project object */;
			proxyType = 1;
			remoteGlobalIDString = 59D3386B262393AB0060A2A2;
			remoteInfo = Medly_Test_Project;
		};
/* End PBXContainerItemProxy section */

/* Begin PBXFileReference section */
		59D3386C262393AB0060A2A2 /* Medly_Test_Project.app */ = {isa = PBXFileReference; explicitFileType = wrapper.application; includeInIndex = 0; path = Medly_Test_Project.app; sourceTree = BUILT_PRODUCTS_DIR; };
		59D3386F262393AB0060A2A2 /* AppDelegate.swift */ = {isa = PBXFileReference; lastKnownFileType = sourcecode.swift; path = AppDelegate.swift; sourceTree = "<group>"; };
		59D33878262393AD0060A2A2 /* Assets.xcassets */ = {isa = PBXFileReference; lastKnownFileType = folder.assetcatalog; path = Assets.xcassets; sourceTree = "<group>"; };
		59D3387B262393AD0060A2A2 /* Base */ = {isa = PBXFileReference; lastKnownFileType = file.storyboard; name = Base; path = Base.lproj/LaunchScreen.storyboard; sourceTree = "<group>"; };
		59D3387D262393AD0060A2A2 /* Info.plist */ = {isa = PBXFileReference; lastKnownFileType = text.plist.xml; path = Info.plist; sourceTree = "<group>"; };
		59D33882262393AD0060A2A2 /* Medly_Test_ProjectTests.xctest */ = {isa = PBXFileReference; explicitFileType = wrapper.cfbundle; includeInIndex = 0; path = Medly_Test_ProjectTests.xctest; sourceTree = BUILT_PRODUCTS_DIR; };
		59D33886262393AD0060A2A2 /* Medly_Test_ProjectTests.swift */ = {isa = PBXFileReference; lastKnownFileType = sourcecode.swift; path = Medly_Test_ProjectTests.swift; sourceTree = "<group>"; };
		59D33888262393AD0060A2A2 /* Info.plist */ = {isa = PBXFileReference; lastKnownFileType = text.plist.xml; path = Info.plist; sourceTree = "<group>"; };
		59D3388D262393AD0060A2A2 /* Medly_Test_ProjectUITests.xctest */ = {isa = PBXFileReference; explicitFileType = wrapper.cfbundle; includeInIndex = 0; path = Medly_Test_ProjectUITests.xctest; sourceTree = BUILT_PRODUCTS_DIR; };
		59D33891262393AD0060A2A2 /* Medly_Test_ProjectUITests.swift */ = {isa = PBXFileReference; lastKnownFileType = sourcecode.swift; path = Medly_Test_ProjectUITests.swift; sourceTree = "<group>"; };
		59D33893262393AD0060A2A2 /* Info.plist */ = {isa = PBXFileReference; lastKnownFileType = text.plist.xml; path = Info.plist; sourceTree = "<group>"; };
		59D338AD262397970060A2A2 /* Constants.swift */ = {isa = PBXFileReference; lastKnownFileType = sourcecode.swift; path = Constants.swift; sourceTree = "<group>"; };
		59D338B62623986B0060A2A2 /* Country.swift */ = {isa = PBXFileReference; lastKnownFileType = sourcecode.swift; path = Country.swift; sourceTree = "<group>"; };
		59D338C926239D400060A2A2 /* RestEndpoint.swift */ = {isa = PBXFileReference; lastKnownFileType = sourcecode.swift; path = RestEndpoint.swift; sourceTree = "<group>"; };
		59D338D226239F330060A2A2 /* CountriesEndpoint.swift */ = {isa = PBXFileReference; lastKnownFileType = sourcecode.swift; path = CountriesEndpoint.swift; sourceTree = "<group>"; };
		59D338D726239F700060A2A2 /* HTTPProviding.swift */ = {isa = PBXFileReference; lastKnownFileType = sourcecode.swift; path = HTTPProviding.swift; sourceTree = "<group>"; };
		59D338DC26239F830060A2A2 /* HTTPProvider.swift */ = {isa = PBXFileReference; lastKnownFileType = sourcecode.swift; path = HTTPProvider.swift; sourceTree = "<group>"; };
		59D338E126239FE70060A2A2 /* ModelProviding.swift */ = {isa = PBXFileReference; lastKnownFileType = sourcecode.swift; path = ModelProviding.swift; sourceTree = "<group>"; };
		59D338E626239FFC0060A2A2 /* ModelProvider.swift */ = {isa = PBXFileReference; lastKnownFileType = sourcecode.swift; path = ModelProvider.swift; sourceTree = "<group>"; };
		59D338EB2623A0190060A2A2 /* URLRequestProviding.swift */ = {isa = PBXFileReference; lastKnownFileType = sourcecode.swift; path = URLRequestProviding.swift; sourceTree = "<group>"; };
		59D338F02623A0480060A2A2 /* URLRequestProvider.swift */ = {isa = PBXFileReference; lastKnownFileType = sourcecode.swift; path = URLRequestProvider.swift; sourceTree = "<group>"; };
		59D338F52623A0EE0060A2A2 /* NetworkRequesting.swift */ = {isa = PBXFileReference; lastKnownFileType = sourcecode.swift; path = NetworkRequesting.swift; sourceTree = "<group>"; };
		59D338FA2623A0FF0060A2A2 /* NetworkRequester.swift */ = {isa = PBXFileReference; lastKnownFileType = sourcecode.swift; path = NetworkRequester.swift; sourceTree = "<group>"; };
/* End PBXFileReference section */

/* Begin PBXFrameworksBuildPhase section */
		59D33869262393AB0060A2A2 /* Frameworks */ = {
			isa = PBXFrameworksBuildPhase;
			buildActionMask = 2147483647;
			files = (
			);
			runOnlyForDeploymentPostprocessing = 0;
		};
		59D3387F262393AD0060A2A2 /* Frameworks */ = {
			isa = PBXFrameworksBuildPhase;
			buildActionMask = 2147483647;
			files = (
			);
			runOnlyForDeploymentPostprocessing = 0;
		};
		59D3388A262393AD0060A2A2 /* Frameworks */ = {
			isa = PBXFrameworksBuildPhase;
			buildActionMask = 2147483647;
			files = (
			);
			runOnlyForDeploymentPostprocessing = 0;
		};
/* End PBXFrameworksBuildPhase section */

/* Begin PBXGroup section */
		59D33863262393AB0060A2A2 = {
			isa = PBXGroup;
			children = (
				59D3386E262393AB0060A2A2 /* Medly_Test_Project */,
				59D33885262393AD0060A2A2 /* Medly_Test_ProjectTests */,
				59D33890262393AD0060A2A2 /* Medly_Test_ProjectUITests */,
				59D3386D262393AB0060A2A2 /* Products */,
			);
			sourceTree = "<group>";
		};
		59D3386D262393AB0060A2A2 /* Products */ = {
			isa = PBXGroup;
			children = (
				59D3386C262393AB0060A2A2 /* Medly_Test_Project.app */,
				59D33882262393AD0060A2A2 /* Medly_Test_ProjectTests.xctest */,
				59D3388D262393AD0060A2A2 /* Medly_Test_ProjectUITests.xctest */,
			);
			name = Products;
			sourceTree = "<group>";
		};
		59D3386E262393AB0060A2A2 /* Medly_Test_Project */ = {
			isa = PBXGroup;
			children = (
				59D3387D262393AD0060A2A2 /* Info.plist */,
				59D3386F262393AB0060A2A2 /* AppDelegate.swift */,
				59D33878262393AD0060A2A2 /* Assets.xcassets */,
				59D3387A262393AD0060A2A2 /* LaunchScreen.storyboard */,
				59D338B5262397F40060A2A2 /* Models */,
				59D338AC2623978C0060A2A2 /* Services */,
				59D338AB2623978C0060A2A2 /* Utilities */,
			);
			path = Medly_Test_Project;
			sourceTree = "<group>";
		};
		59D33885262393AD0060A2A2 /* Medly_Test_ProjectTests */ = {
			isa = PBXGroup;
			children = (
				59D33886262393AD0060A2A2 /* Medly_Test_ProjectTests.swift */,
				59D33888262393AD0060A2A2 /* Info.plist */,
			);
			path = Medly_Test_ProjectTests;
			sourceTree = "<group>";
		};
		59D33890262393AD0060A2A2 /* Medly_Test_ProjectUITests */ = {
			isa = PBXGroup;
			children = (
				59D33891262393AD0060A2A2 /* Medly_Test_ProjectUITests.swift */,
				59D33893262393AD0060A2A2 /* Info.plist */,
			);
			path = Medly_Test_ProjectUITests;
			sourceTree = "<group>";
		};
		59D338AB2623978C0060A2A2 /* Utilities */ = {
			isa = PBXGroup;
			children = (
				59D338AD262397970060A2A2 /* Constants.swift */,
			);
			path = Utilities;
			sourceTree = "<group>";
		};
		59D338AC2623978C0060A2A2 /* Services */ = {
			isa = PBXGroup;
			children = (
				59D338D126239F1A0060A2A2 /* Countries */,
				59D338C426239D280060A2A2 /* Endpoints */,
				59D338C326239D280060A2A2 /* HTTPProviding */,
				59D338C526239D280060A2A2 /* ModelProviding */,
				59D338C626239D280060A2A2 /* NetworkRequesting */,
				59D338C826239D290060A2A2 /* URLRequestProviding */,
			);
			path = Services;
			sourceTree = "<group>";
		};
		59D338B5262397F40060A2A2 /* Models */ = {
			isa = PBXGroup;
			children = (
				59D338B62623986B0060A2A2 /* Country.swift */,
			);
			path = Models;
			sourceTree = "<group>";
		};
		59D338C326239D280060A2A2 /* HTTPProviding */ = {
			isa = PBXGroup;
			children = (
				59D338DC26239F830060A2A2 /* HTTPProvider.swift */,
				59D338D726239F700060A2A2 /* HTTPProviding.swift */,
			);
			path = HTTPProviding;
			sourceTree = "<group>";
		};
		59D338C426239D280060A2A2 /* Endpoints */ = {
			isa = PBXGroup;
			children = (
				59D338D226239F330060A2A2 /* CountriesEndpoint.swift */,
				59D338C926239D400060A2A2 /* RestEndpoint.swift */,
			);
			path = Endpoints;
			sourceTree = "<group>";
		};
		59D338C526239D280060A2A2 /* ModelProviding */ = {
			isa = PBXGroup;
			children = (
				59D338E626239FFC0060A2A2 /* ModelProvider.swift */,
				59D338E126239FE70060A2A2 /* ModelProviding.swift */,
			);
			path = ModelProviding;
			sourceTree = "<group>";
		};
		59D338C626239D280060A2A2 /* NetworkRequesting */ = {
			isa = PBXGroup;
			children = (
				59D338FA2623A0FF0060A2A2 /* NetworkRequester.swift */,
				59D338F52623A0EE0060A2A2 /* NetworkRequesting.swift */,
			);
			path = NetworkRequesting;
			sourceTree = "<group>";
		};
		59D338C826239D290060A2A2 /* URLRequestProviding */ = {
			isa = PBXGroup;
			children = (
				59D338F02623A0480060A2A2 /* URLRequestProvider.swift */,
				59D338EB2623A0190060A2A2 /* URLRequestProviding.swift */,
			);
			path = URLRequestProviding;
			sourceTree = "<group>";
		};
		59D338D126239F1A0060A2A2 /* Countries */ = {
			isa = PBXGroup;
			children = (
			);
			path = Countries;
			sourceTree = "<group>";
		};
/* End PBXGroup section */

/* Begin PBXNativeTarget section */
		59D3386B262393AB0060A2A2 /* Medly_Test_Project */ = {
			isa = PBXNativeTarget;
			buildConfigurationList = 59D33896262393AD0060A2A2 /* Build configuration list for PBXNativeTarget "Medly_Test_Project" */;
			buildPhases = (
				59D33868262393AB0060A2A2 /* Sources */,
				59D33869262393AB0060A2A2 /* Frameworks */,
				59D3386A262393AB0060A2A2 /* Resources */,
			);
			buildRules = (
			);
			dependencies = (
			);
			name = Medly_Test_Project;
			productName = Medly_Test_Project;
			productReference = 59D3386C262393AB0060A2A2 /* Medly_Test_Project.app */;
			productType = "com.apple.product-type.application";
		};
		59D33881262393AD0060A2A2 /* Medly_Test_ProjectTests */ = {
			isa = PBXNativeTarget;
			buildConfigurationList = 59D33899262393AD0060A2A2 /* Build configuration list for PBXNativeTarget "Medly_Test_ProjectTests" */;
			buildPhases = (
				59D3387E262393AD0060A2A2 /* Sources */,
				59D3387F262393AD0060A2A2 /* Frameworks */,
				59D33880262393AD0060A2A2 /* Resources */,
			);
			buildRules = (
			);
			dependencies = (
				59D33884262393AD0060A2A2 /* PBXTargetDependency */,
			);
			name = Medly_Test_ProjectTests;
			productName = Medly_Test_ProjectTests;
			productReference = 59D33882262393AD0060A2A2 /* Medly_Test_ProjectTests.xctest */;
			productType = "com.apple.product-type.bundle.unit-test";
		};
		59D3388C262393AD0060A2A2 /* Medly_Test_ProjectUITests */ = {
			isa = PBXNativeTarget;
			buildConfigurationList = 59D3389C262393AD0060A2A2 /* Build configuration list for PBXNativeTarget "Medly_Test_ProjectUITests" */;
			buildPhases = (
				59D33889262393AD0060A2A2 /* Sources */,
				59D3388A262393AD0060A2A2 /* Frameworks */,
				59D3388B262393AD0060A2A2 /* Resources */,
			);
			buildRules = (
			);
			dependencies = (
				59D3388F262393AD0060A2A2 /* PBXTargetDependency */,
			);
			name = Medly_Test_ProjectUITests;
			productName = Medly_Test_ProjectUITests;
			productReference = 59D3388D262393AD0060A2A2 /* Medly_Test_ProjectUITests.xctest */;
			productType = "com.apple.product-type.bundle.ui-testing";
		};
/* End PBXNativeTarget section */

/* Begin PBXProject section */
		59D33864262393AB0060A2A2 /* Project object */ = {
			isa = PBXProject;
			attributes = {
				LastSwiftUpdateCheck = 1240;
				LastUpgradeCheck = 1240;
				TargetAttributes = {
					59D3386B262393AB0060A2A2 = {
						CreatedOnToolsVersion = 12.4;
					};
					59D33881262393AD0060A2A2 = {
						CreatedOnToolsVersion = 12.4;
						TestTargetID = 59D3386B262393AB0060A2A2;
					};
					59D3388C262393AD0060A2A2 = {
						CreatedOnToolsVersion = 12.4;
						TestTargetID = 59D3386B262393AB0060A2A2;
					};
				};
			};
			buildConfigurationList = 59D33867262393AB0060A2A2 /* Build configuration list for PBXProject "Medly_Test_Project" */;
			compatibilityVersion = "Xcode 9.3";
			developmentRegion = en;
			hasScannedForEncodings = 0;
			knownRegions = (
				en,
				Base,
			);
			mainGroup = 59D33863262393AB0060A2A2;
			productRefGroup = 59D3386D262393AB0060A2A2 /* Products */;
			projectDirPath = "";
			projectRoot = "";
			targets = (
				59D3386B262393AB0060A2A2 /* Medly_Test_Project */,
				59D33881262393AD0060A2A2 /* Medly_Test_ProjectTests */,
				59D3388C262393AD0060A2A2 /* Medly_Test_ProjectUITests */,
			);
		};
/* End PBXProject section */

/* Begin PBXResourcesBuildPhase section */
		59D3386A262393AB0060A2A2 /* Resources */ = {
			isa = PBXResourcesBuildPhase;
			buildActionMask = 2147483647;
			files = (
				59D3387C262393AD0060A2A2 /* LaunchScreen.storyboard in Resources */,
				59D33879262393AD0060A2A2 /* Assets.xcassets in Resources */,
			);
			runOnlyForDeploymentPostprocessing = 0;
		};
		59D33880262393AD0060A2A2 /* Resources */ = {
			isa = PBXResourcesBuildPhase;
			buildActionMask = 2147483647;
			files = (
			);
			runOnlyForDeploymentPostprocessing = 0;
		};
		59D3388B262393AD0060A2A2 /* Resources */ = {
			isa = PBXResourcesBuildPhase;
			buildActionMask = 2147483647;
			files = (
			);
			runOnlyForDeploymentPostprocessing = 0;
		};
/* End PBXResourcesBuildPhase section */

/* Begin PBXSourcesBuildPhase section */
		59D33868262393AB0060A2A2 /* Sources */ = {
			isa = PBXSourcesBuildPhase;
			buildActionMask = 2147483647;
			files = (
				59D338DD26239F830060A2A2 /* HTTPProvider.swift in Sources */,
				59D338CA26239D400060A2A2 /* RestEndpoint.swift in Sources */,
				59D338E226239FE70060A2A2 /* ModelProviding.swift in Sources */,
				59D33870262393AB0060A2A2 /* AppDelegate.swift in Sources */,
				59D338F12623A0480060A2A2 /* URLRequestProvider.swift in Sources */,
				59D338B72623986B0060A2A2 /* Country.swift in Sources */,
				59D338E726239FFC0060A2A2 /* ModelProvider.swift in Sources */,
				59D338F62623A0EE0060A2A2 /* NetworkRequesting.swift in Sources */,
				59D338FB2623A0FF0060A2A2 /* NetworkRequester.swift in Sources */,
				59D338AE262397970060A2A2 /* Constants.swift in Sources */,
				59D338D826239F700060A2A2 /* HTTPProviding.swift in Sources */,
				59D338EC2623A0190060A2A2 /* URLRequestProviding.swift in Sources */,
				59D338D326239F330060A2A2 /* CountriesEndpoint.swift in Sources */,
			);
			runOnlyForDeploymentPostprocessing = 0;
		};
		59D3387E262393AD0060A2A2 /* Sources */ = {
			isa = PBXSourcesBuildPhase;
			buildActionMask = 2147483647;
			files = (
				59D33887262393AD0060A2A2 /* Medly_Test_ProjectTests.swift in Sources */,
			);
			runOnlyForDeploymentPostprocessing = 0;
		};
		59D33889262393AD0060A2A2 /* Sources */ = {
			isa = PBXSourcesBuildPhase;
			buildActionMask = 2147483647;
			files = (
				59D33892262393AD0060A2A2 /* Medly_Test_ProjectUITests.swift in Sources */,
			);
			runOnlyForDeploymentPostprocessing = 0;
		};
/* End PBXSourcesBuildPhase section */

/* Begin PBXTargetDependency section */
		59D33884262393AD0060A2A2 /* PBXTargetDependency */ = {
			isa = PBXTargetDependency;
			target = 59D3386B262393AB0060A2A2 /* Medly_Test_Project */;
			targetProxy = 59D33883262393AD0060A2A2 /* PBXContainerItemProxy */;
		};
		59D3388F262393AD0060A2A2 /* PBXTargetDependency */ = {
			isa = PBXTargetDependency;
			target = 59D3386B262393AB0060A2A2 /* Medly_Test_Project */;
			targetProxy = 59D3388E262393AD0060A2A2 /* PBXContainerItemProxy */;
		};
/* End PBXTargetDependency section */

/* Begin PBXVariantGroup section */
		59D3387A262393AD0060A2A2 /* LaunchScreen.storyboard */ = {
			isa = PBXVariantGroup;
			children = (
				59D3387B262393AD0060A2A2 /* Base */,
			);
			name = LaunchScreen.storyboard;
			sourceTree = "<group>";
		};
/* End PBXVariantGroup section */

/* Begin XCBuildConfiguration section */
		59D33894262393AD0060A2A2 /* Debug */ = {
			isa = XCBuildConfiguration;
			buildSettings = {
				ALWAYS_SEARCH_USER_PATHS = NO;
				CLANG_ANALYZER_NONNULL = YES;
				CLANG_ANALYZER_NUMBER_OBJECT_CONVERSION = YES_AGGRESSIVE;
				CLANG_CXX_LANGUAGE_STANDARD = "gnu++14";
				CLANG_CXX_LIBRARY = "libc++";
				CLANG_ENABLE_MODULES = YES;
				CLANG_ENABLE_OBJC_ARC = YES;
				CLANG_ENABLE_OBJC_WEAK = YES;
				CLANG_WARN_BLOCK_CAPTURE_AUTORELEASING = YES;
				CLANG_WARN_BOOL_CONVERSION = YES;
				CLANG_WARN_COMMA = YES;
				CLANG_WARN_CONSTANT_CONVERSION = YES;
				CLANG_WARN_DEPRECATED_OBJC_IMPLEMENTATIONS = YES;
				CLANG_WARN_DIRECT_OBJC_ISA_USAGE = YES_ERROR;
				CLANG_WARN_DOCUMENTATION_COMMENTS = YES;
				CLANG_WARN_EMPTY_BODY = YES;
				CLANG_WARN_ENUM_CONVERSION = YES;
				CLANG_WARN_INFINITE_RECURSION = YES;
				CLANG_WARN_INT_CONVERSION = YES;
				CLANG_WARN_NON_LITERAL_NULL_CONVERSION = YES;
				CLANG_WARN_OBJC_IMPLICIT_RETAIN_SELF = YES;
				CLANG_WARN_OBJC_LITERAL_CONVERSION = YES;
				CLANG_WARN_OBJC_ROOT_CLASS = YES_ERROR;
				CLANG_WARN_QUOTED_INCLUDE_IN_FRAMEWORK_HEADER = YES;
				CLANG_WARN_RANGE_LOOP_ANALYSIS = YES;
				CLANG_WARN_STRICT_PROTOTYPES = YES;
				CLANG_WARN_SUSPICIOUS_MOVE = YES;
				CLANG_WARN_UNGUARDED_AVAILABILITY = YES_AGGRESSIVE;
				CLANG_WARN_UNREACHABLE_CODE = YES;
				CLANG_WARN__DUPLICATE_METHOD_MATCH = YES;
				COPY_PHASE_STRIP = NO;
				DEBUG_INFORMATION_FORMAT = dwarf;
				ENABLE_STRICT_OBJC_MSGSEND = YES;
				ENABLE_TESTABILITY = YES;
				GCC_C_LANGUAGE_STANDARD = gnu11;
				GCC_DYNAMIC_NO_PIC = NO;
				GCC_NO_COMMON_BLOCKS = YES;
				GCC_OPTIMIZATION_LEVEL = 0;
				GCC_PREPROCESSOR_DEFINITIONS = (
					"DEBUG=1",
					"$(inherited)",
				);
				GCC_WARN_64_TO_32_BIT_CONVERSION = YES;
				GCC_WARN_ABOUT_RETURN_TYPE = YES_ERROR;
				GCC_WARN_UNDECLARED_SELECTOR = YES;
				GCC_WARN_UNINITIALIZED_AUTOS = YES_AGGRESSIVE;
				GCC_WARN_UNUSED_FUNCTION = YES;
				GCC_WARN_UNUSED_VARIABLE = YES;
				IPHONEOS_DEPLOYMENT_TARGET = 14.4;
				MTL_ENABLE_DEBUG_INFO = INCLUDE_SOURCE;
				MTL_FAST_MATH = YES;
				ONLY_ACTIVE_ARCH = YES;
				SDKROOT = iphoneos;
				SWIFT_ACTIVE_COMPILATION_CONDITIONS = DEBUG;
				SWIFT_OPTIMIZATION_LEVEL = "-Onone";
			};
			name = Debug;
		};
		59D33895262393AD0060A2A2 /* Release */ = {
			isa = XCBuildConfiguration;
			buildSettings = {
				ALWAYS_SEARCH_USER_PATHS = NO;
				CLANG_ANALYZER_NONNULL = YES;
				CLANG_ANALYZER_NUMBER_OBJECT_CONVERSION = YES_AGGRESSIVE;
				CLANG_CXX_LANGUAGE_STANDARD = "gnu++14";
				CLANG_CXX_LIBRARY = "libc++";
				CLANG_ENABLE_MODULES = YES;
				CLANG_ENABLE_OBJC_ARC = YES;
				CLANG_ENABLE_OBJC_WEAK = YES;
				CLANG_WARN_BLOCK_CAPTURE_AUTORELEASING = YES;
				CLANG_WARN_BOOL_CONVERSION = YES;
				CLANG_WARN_COMMA = YES;
				CLANG_WARN_CONSTANT_CONVERSION = YES;
				CLANG_WARN_DEPRECATED_OBJC_IMPLEMENTATIONS = YES;
				CLANG_WARN_DIRECT_OBJC_ISA_USAGE = YES_ERROR;
				CLANG_WARN_DOCUMENTATION_COMMENTS = YES;
				CLANG_WARN_EMPTY_BODY = YES;
				CLANG_WARN_ENUM_CONVERSION = YES;
				CLANG_WARN_INFINITE_RECURSION = YES;
				CLANG_WARN_INT_CONVERSION = YES;
				CLANG_WARN_NON_LITERAL_NULL_CONVERSION = YES;
				CLANG_WARN_OBJC_IMPLICIT_RETAIN_SELF = YES;
				CLANG_WARN_OBJC_LITERAL_CONVERSION = YES;
				CLANG_WARN_OBJC_ROOT_CLASS = YES_ERROR;
				CLANG_WARN_QUOTED_INCLUDE_IN_FRAMEWORK_HEADER = YES;
				CLANG_WARN_RANGE_LOOP_ANALYSIS = YES;
				CLANG_WARN_STRICT_PROTOTYPES = YES;
				CLANG_WARN_SUSPICIOUS_MOVE = YES;
				CLANG_WARN_UNGUARDED_AVAILABILITY = YES_AGGRESSIVE;
				CLANG_WARN_UNREACHABLE_CODE = YES;
				CLANG_WARN__DUPLICATE_METHOD_MATCH = YES;
				COPY_PHASE_STRIP = NO;
				DEBUG_INFORMATION_FORMAT = "dwarf-with-dsym";
				ENABLE_NS_ASSERTIONS = NO;
				ENABLE_STRICT_OBJC_MSGSEND = YES;
				GCC_C_LANGUAGE_STANDARD = gnu11;
				GCC_NO_COMMON_BLOCKS = YES;
				GCC_WARN_64_TO_32_BIT_CONVERSION = YES;
				GCC_WARN_ABOUT_RETURN_TYPE = YES_ERROR;
				GCC_WARN_UNDECLARED_SELECTOR = YES;
				GCC_WARN_UNINITIALIZED_AUTOS = YES_AGGRESSIVE;
				GCC_WARN_UNUSED_FUNCTION = YES;
				GCC_WARN_UNUSED_VARIABLE = YES;
				IPHONEOS_DEPLOYMENT_TARGET = 14.4;
				MTL_ENABLE_DEBUG_INFO = NO;
				MTL_FAST_MATH = YES;
				SDKROOT = iphoneos;
				SWIFT_COMPILATION_MODE = wholemodule;
				SWIFT_OPTIMIZATION_LEVEL = "-O";
				VALIDATE_PRODUCT = YES;
			};
			name = Release;
		};
		59D33897262393AD0060A2A2 /* Debug */ = {
			isa = XCBuildConfiguration;
			buildSettings = {
				ASSETCATALOG_COMPILER_APPICON_NAME = AppIcon;
				ASSETCATALOG_COMPILER_GLOBAL_ACCENT_COLOR_NAME = AccentColor;
				CODE_SIGN_STYLE = Automatic;
				DEVELOPMENT_TEAM = Q89MCEGMES;
				INFOPLIST_FILE = Medly_Test_Project/Info.plist;
				LD_RUNPATH_SEARCH_PATHS = (
					"$(inherited)",
					"@executable_path/Frameworks",
				);
				PRODUCT_BUNDLE_IDENTIFIER = "com.lee.pollard.Medly-Test-Project";
				PRODUCT_NAME = "$(TARGET_NAME)";
				SWIFT_VERSION = 5.0;
				TARGETED_DEVICE_FAMILY = "1,2";
			};
			name = Debug;
		};
		59D33898262393AD0060A2A2 /* Release */ = {
			isa = XCBuildConfiguration;
			buildSettings = {
				ASSETCATALOG_COMPILER_APPICON_NAME = AppIcon;
				ASSETCATALOG_COMPILER_GLOBAL_ACCENT_COLOR_NAME = AccentColor;
				CODE_SIGN_STYLE = Automatic;
				DEVELOPMENT_TEAM = Q89MCEGMES;
				INFOPLIST_FILE = Medly_Test_Project/Info.plist;
				LD_RUNPATH_SEARCH_PATHS = (
					"$(inherited)",
					"@executable_path/Frameworks",
				);
				PRODUCT_BUNDLE_IDENTIFIER = "com.lee.pollard.Medly-Test-Project";
				PRODUCT_NAME = "$(TARGET_NAME)";
				SWIFT_VERSION = 5.0;
				TARGETED_DEVICE_FAMILY = "1,2";
			};
			name = Release;
		};
		59D3389A262393AD0060A2A2 /* Debug */ = {
			isa = XCBuildConfiguration;
			buildSettings = {
				ALWAYS_EMBED_SWIFT_STANDARD_LIBRARIES = YES;
				BUNDLE_LOADER = "$(TEST_HOST)";
				CODE_SIGN_STYLE = Automatic;
				DEVELOPMENT_TEAM = Q89MCEGMES;
				INFOPLIST_FILE = Medly_Test_ProjectTests/Info.plist;
				IPHONEOS_DEPLOYMENT_TARGET = 14.4;
				LD_RUNPATH_SEARCH_PATHS = (
					"$(inherited)",
					"@executable_path/Frameworks",
					"@loader_path/Frameworks",
				);
				PRODUCT_BUNDLE_IDENTIFIER = "com.lee.pollard.Medly-Test-ProjectTests";
				PRODUCT_NAME = "$(TARGET_NAME)";
				SWIFT_VERSION = 5.0;
				TARGETED_DEVICE_FAMILY = "1,2";
				TEST_HOST = "$(BUILT_PRODUCTS_DIR)/Medly_Test_Project.app/Medly_Test_Project";
			};
			name = Debug;
		};
		59D3389B262393AD0060A2A2 /* Release */ = {
			isa = XCBuildConfiguration;
			buildSettings = {
				ALWAYS_EMBED_SWIFT_STANDARD_LIBRARIES = YES;
				BUNDLE_LOADER = "$(TEST_HOST)";
				CODE_SIGN_STYLE = Automatic;
				DEVELOPMENT_TEAM = Q89MCEGMES;
				INFOPLIST_FILE = Medly_Test_ProjectTests/Info.plist;
				IPHONEOS_DEPLOYMENT_TARGET = 14.4;
				LD_RUNPATH_SEARCH_PATHS = (
					"$(inherited)",
					"@executable_path/Frameworks",
					"@loader_path/Frameworks",
				);
				PRODUCT_BUNDLE_IDENTIFIER = "com.lee.pollard.Medly-Test-ProjectTests";
				PRODUCT_NAME = "$(TARGET_NAME)";
				SWIFT_VERSION = 5.0;
				TARGETED_DEVICE_FAMILY = "1,2";
				TEST_HOST = "$(BUILT_PRODUCTS_DIR)/Medly_Test_Project.app/Medly_Test_Project";
			};
			name = Release;
		};
		59D3389D262393AD0060A2A2 /* Debug */ = {
			isa = XCBuildConfiguration;
			buildSettings = {
				ALWAYS_EMBED_SWIFT_STANDARD_LIBRARIES = YES;
				CODE_SIGN_STYLE = Automatic;
				DEVELOPMENT_TEAM = Q89MCEGMES;
				INFOPLIST_FILE = Medly_Test_ProjectUITests/Info.plist;
				LD_RUNPATH_SEARCH_PATHS = (
					"$(inherited)",
					"@executable_path/Frameworks",
					"@loader_path/Frameworks",
				);
				PRODUCT_BUNDLE_IDENTIFIER = "com.lee.pollard.Medly-Test-ProjectUITests";
				PRODUCT_NAME = "$(TARGET_NAME)";
				SWIFT_VERSION = 5.0;
				TARGETED_DEVICE_FAMILY = "1,2";
				TEST_TARGET_NAME = Medly_Test_Project;
			};
			name = Debug;
		};
		59D3389E262393AD0060A2A2 /* Release */ = {
			isa = XCBuildConfiguration;
			buildSettings = {
				ALWAYS_EMBED_SWIFT_STANDARD_LIBRARIES = YES;
				CODE_SIGN_STYLE = Automatic;
				DEVELOPMENT_TEAM = Q89MCEGMES;
				INFOPLIST_FILE = Medly_Test_ProjectUITests/Info.plist;
				LD_RUNPATH_SEARCH_PATHS = (
					"$(inherited)",
					"@executable_path/Frameworks",
					"@loader_path/Frameworks",
				);
				PRODUCT_BUNDLE_IDENTIFIER = "com.lee.pollard.Medly-Test-ProjectUITests";
				PRODUCT_NAME = "$(TARGET_NAME)";
				SWIFT_VERSION = 5.0;
				TARGETED_DEVICE_FAMILY = "1,2";
				TEST_TARGET_NAME = Medly_Test_Project;
			};
			name = Release;
		};
/* End XCBuildConfiguration section */

/* Begin XCConfigurationList section */
		59D33867262393AB0060A2A2 /* Build configuration list for PBXProject "Medly_Test_Project" */ = {
			isa = XCConfigurationList;
			buildConfigurations = (
				59D33894262393AD0060A2A2 /* Debug */,
				59D33895262393AD0060A2A2 /* Release */,
			);
			defaultConfigurationIsVisible = 0;
			defaultConfigurationName = Release;
		};
		59D33896262393AD0060A2A2 /* Build configuration list for PBXNativeTarget "Medly_Test_Project" */ = {
			isa = XCConfigurationList;
			buildConfigurations = (
				59D33897262393AD0060A2A2 /* Debug */,
				59D33898262393AD0060A2A2 /* Release */,
			);
			defaultConfigurationIsVisible = 0;
			defaultConfigurationName = Release;
		};
		59D33899262393AD0060A2A2 /* Build configuration list for PBXNativeTarget "Medly_Test_ProjectTests" */ = {
			isa = XCConfigurationList;
			buildConfigurations = (
				59D3389A262393AD0060A2A2 /* Debug */,
				59D3389B262393AD0060A2A2 /* Release */,
			);
			defaultConfigurationIsVisible = 0;
			defaultConfigurationName = Release;
		};
		59D3389C262393AD0060A2A2 /* Build configuration list for PBXNativeTarget "Medly_Test_ProjectUITests" */ = {
			isa = XCConfigurationList;
			buildConfigurations = (
				59D3389D262393AD0060A2A2 /* Debug */,
				59D3389E262393AD0060A2A2 /* Release */,
			);
			defaultConfigurationIsVisible = 0;
			defaultConfigurationName = Release;
		};
/* End XCConfigurationList section */
	};
	rootObject = 59D33864262393AB0060A2A2 /* Project object */;
}
